
Microsoft Visual Studio Solution File, Format Version 12.00
# Visual Studio Version 16
VisualStudioVersion = 16.0.31129.286
MinimumVisualStudioVersion = 10.0.40219.1
Project("{FAE04EC0-301F-11D3-BF4B-00C04F79EFBC}") = "MovieHWWeek7", "MovieHWWeek7\MovieHWWeek7.csproj", "{F8B5C91F-02C3-4780-832C-0150908170D5}"
EndProject
Global
	GlobalSection(SolutionConfigurationPlatforms) = preSolution
		Debug|Any CPU = Debug|Any CPU
		Release|Any CPU = Release|Any CPU
	EndGlobalSection
	GlobalSection(ProjectConfigurationPlatforms) = postSolution
		{F8B5C91F-02C3-4780-832C-0150908170D5}.Debug|Any CPU.ActiveCfg = Debug|Any CPU
		{F8B5C91F-02C3-4780-832C-0150908170D5}.Debug|Any CPU.Build.0 = Debug|Any CPU
		{F8B5C91F-02C3-4780-832C-0150908170D5}.Release|Any CPU.ActiveCfg = Release|Any CPU
		{F8B5C91F-02C3-4780-832C-0150908170D5}.Release|Any CPU.Build.0 = Release|Any CPU
	EndGlobalSection
	GlobalSection(SolutionProperties) = preSolution
		HideSolutionNode = FALSE
	EndGlobalSection
	GlobalSection(ExtensibilityGlobals) = postSolution
		SolutionGuid = {44E4C663-630E-49E3-A67D-F65EFCE139F3}
	EndGlobalSection
EndGlobal
